
Microsoft Visual Studio Solution File, Format Version 12.00
# Visual Studio Version 16
VisualStudioVersion = 16.0.29123.88
MinimumVisualStudioVersion = 10.0.40219.1
Project("{FAE04EC0-301F-11D3-BF4B-00C04F79EFBC}") = "AWSLoadBalancerLoadTester", "AWSLoadBalancerLoadTester\AWSLoadBalancerLoadTester.csproj", "{685497DC-8991-46C9-9152-F854D5111DDA}"
EndProject
Global
	GlobalSection(SolutionConfigurationPlatforms) = preSolution
		Debug|Any CPU = Debug|Any CPU
		Release|Any CPU = Release|Any CPU
	EndGlobalSection
	GlobalSection(ProjectConfigurationPlatforms) = postSolution
		{685497DC-8991-46C9-9152-F854D5111DDA}.Debug|Any CPU.ActiveCfg = Debug|Any CPU
		{685497DC-8991-46C9-9152-F854D5111DDA}.Debug|Any CPU.Build.0 = Debug|Any CPU
		{685497DC-8991-46C9-9152-F854D5111DDA}.Release|Any CPU.ActiveCfg = Release|Any CPU
		{685497DC-8991-46C9-9152-F854D5111DDA}.Release|Any CPU.Build.0 = Release|Any CPU
	EndGlobalSection
	GlobalSection(SolutionProperties) = preSolution
		HideSolutionNode = FALSE
	EndGlobalSection
	GlobalSection(ExtensibilityGlobals) = postSolution
		SolutionGuid = {D70FCAAD-2E76-47C8-A9D9-448563943608}
	EndGlobalSection
EndGlobal
